lockfileVersion: '9.0'

settings:
  autoInstallPeers: true
  excludeLinksFromLockfile: false

importers:

  .:
    devDependencies:
      crx3:
        specifier: ^2.0.0
        version: 2.0.0

packages:

  buffer-crc32@1.0.0:
    resolution: {integrity: sha512-Db1SbgBS/fg/392AblrMJk97KggmvYhr4pB5ZIMTWtaivCPMWLkmb7m21cJvpvgK+J3nsU2CmmixNBZx4vFj/w==}
    engines: {node: '>=8.0.0'}

  crx3@2.0.0:
    resolution: {integrity: sha512-f23Oi2Zpl68aBSf5gHwn+lxQyPF+m2NAhMwwycXOxqOx6bpzDqzbcp6k/DRsyHxpsDvg5WwXcHOJSOgJ7Px5LQ==}
    engines: {bun: '>=1.2.18', node: '>=22'}
    hasBin: true

  mri@1.2.0:
    resolution: {integrity: sha512-tzzskb3bG8LvYGFF/mDTpq3jpI6Q9wc3LEmBaghu+DdCssd1FakN7Bc0hVNmEyGq1bq3RgfkCb3cmQLpNPOroA==}
    engines: {node: '>=4'}

  pbf@4.0.1:
    resolution: {integrity: sha512-SuLdBvS42z33m8ejRbInMapQe8n0D3vN/Xd5fmWM3tufNgRQFBpaW2YVJxQZV4iPNqb0vEFvssMEo5w9c6BTIA==}
    hasBin: true

  protocol-buffers-schema@3.6.1:
    resolution: {integrity: sha512-VG2K63Igkiv9p76tk1lilczEK1cT+kCjKtkdhw1dQZV3k3IXJbd3o6Ho8b9zJZaHSnT2hKe4I+ObmX9w6m5SmQ==}

  resolve-protobuf-schema@2.1.0:
    resolution: {integrity: sha512-kI5ffTiZWmJaS/huM8wZfEMer1eRd7oJQhDuxeCLe3t7N7mX3z94CN0xPxBQxFYQTSNz9T0i+v6inKqSdK8xrQ==}

  yazl@3.3.1:
    resolution: {integrity: sha512-BbETDVWG+VcMUle37k5Fqp//7SDOK2/1+T7X8TD96M3D9G8jK5VLUdQVdVjGi8im7FGkazX7kk5hkU8X4L5Bng==}

snapshots:

  buffer-crc32@1.0.0: {}

  crx3@2.0.0:
    dependencies:
      mri: 1.2.0
      pbf: 4.0.1
      yazl: 3.3.1

  mri@1.2.0: {}

  pbf@4.0.1:
    dependencies:
      resolve-protobuf-schema: 2.1.0

  protocol-buffers-schema@3.6.1: {}

  resolve-protobuf-schema@2.1.0:
    dependencies:
      protocol-buffers-schema: 3.6.1

  yazl@3.3.1:
    dependencies:
      buffer-crc32: 1.0.0
